{
  "version": 4,
  "terraform_version": "0.12.29",
  "serial": 1,
  "lineage": "6e4a51a4-7a68-e716-e4f3-3ad0cbd46588",
  "outputs": {},
  "resources": [
    {
      "mode": "managed",
      "type": "aws_vpc",
      "name": "vpc",
      "provider": "provider.aws",
      "instances": [
        {
          "schema_version": 1,
          "attributes": {
            "arn": "arn:aws:ec2:eu-west-2:282637107404:vpc/vpc-00432cf48cb7bcb45",
            "assign_generated_ipv6_cidr_block": false,
            "cidr_block": "10.0.0.0/16",
            "default_network_acl_id": "acl-061504e377678aea6",
            "default_route_table_id": "rtb-035bb0c99a9141e2b",
            "default_security_group_id": "sg-0acbed7cee55b16f9",
            "dhcp_options_id": "dopt-ac3c56c4",
            "enable_classiclink": null,
            "enable_classiclink_dns_support": null,
            "enable_dns_hostnames": false,
            "enable_dns_support": true,
            "id": "vpc-00432cf48cb7bcb45",
            "instance_tenancy": "default",
            "ipv6_association_id": "",
            "ipv6_cidr_block": "",
            "main_route_table_id": "rtb-035bb0c99a9141e2b",
            "owner_id": "282637107404",
            "tags": {
              "Name": "Kevin"
            },
            "tags_all": {
              "Name": "Kevin"
            }
          },
          "private": "eyJzY2hlbWFfdmVyc2lvbiI6IjEifQ=="
        }
      ]
    }
  ]
}
