{
  "version": 4,
  "terraform_version": "0.12.29",
  "serial": 5,
  "lineage": "69f57ee3-b9b1-dd94-65b2-34576669eb48",
  "outputs": {
    "vpc": {
      "value": {
        "subnet_1": {
          "arn": "arn:aws:ec2:eu-west-2:282637107404:subnet/subnet-0666b15479420e9a7",
          "assign_ipv6_address_on_creation": false,
          "availability_zone": "eu-west-2c",
          "availability_zone_id": "euw2-az1",
          "cidr_block": "10.0.0.0/24",
          "customer_owned_ipv4_pool": "",
          "id": "subnet-0666b15479420e9a7",
          "ipv6_cidr_block": "",
          "ipv6_cidr_block_association_id": "",
          "map_customer_owned_ip_on_launch": false,
          "map_public_ip_on_launch": false,
          "outpost_arn": "",
          "owner_id": "282637107404",
          "tags": {},
          "tags_all": {},
          "timeouts": null,
          "vpc_id": "vpc-06b62b6dfe1137d65"
        },
        "subnet_2": {
          "arn": "arn:aws:ec2:eu-west-2:282637107404:subnet/subnet-050955aa338bc9b86",
          "assign_ipv6_address_on_creation": false,
          "availability_zone": "eu-west-2a",
          "availability_zone_id": "euw2-az2",
          "cidr_block": "10.0.1.0/24",
          "customer_owned_ipv4_pool": "",
          "id": "subnet-050955aa338bc9b86",
          "ipv6_cidr_block": "",
          "ipv6_cidr_block_association_id": "",
          "map_customer_owned_ip_on_launch": false,
          "map_public_ip_on_launch": false,
          "outpost_arn": "",
          "owner_id": "282637107404",
          "tags": {},
          "tags_all": {},
          "timeouts": null,
          "vpc_id": "vpc-06b62b6dfe1137d65"
        },
        "vpc": {
          "arn": "arn:aws:ec2:eu-west-2:282637107404:vpc/vpc-06b62b6dfe1137d65",
          "assign_generated_ipv6_cidr_block": false,
          "cidr_block": "10.0.0.0/16",
          "default_network_acl_id": "acl-08025e02acd0a69a6",
          "default_route_table_id": "rtb-008f04d15ab7bcc29",
          "default_security_group_id": "sg-0cf9c9a9541aaba60",
          "dhcp_options_id": "dopt-ac3c56c4",
          "enable_classiclink": null,
          "enable_classiclink_dns_support": null,
          "enable_dns_hostnames": false,
          "enable_dns_support": true,
          "id": "vpc-06b62b6dfe1137d65",
          "instance_tenancy": "default",
          "ipv6_association_id": "",
          "ipv6_cidr_block": "",
          "main_route_table_id": "rtb-008f04d15ab7bcc29",
          "owner_id": "282637107404",
          "tags": {},
          "tags_all": {}
        }
      },
      "type": [
        "object",
        {
          "subnet_1": [
            "object",
            {
              "arn": "string",
              "assign_ipv6_address_on_creation": "bool",
              "availability_zone": "string",
              "availability_zone_id": "string",
              "cidr_block": "string",
              "customer_owned_ipv4_pool": "string",
              "id": "string",
              "ipv6_cidr_block": "string",
              "ipv6_cidr_block_association_id": "string",
              "map_customer_owned_ip_on_launch": "bool",
              "map_public_ip_on_launch": "bool",
              "outpost_arn": "string",
              "owner_id": "string",
              "tags": [
                "map",
                "string"
              ],
              "tags_all": [
                "map",
                "string"
              ],
              "timeouts": [
                "object",
                {
                  "create": "string",
                  "delete": "string"
                }
              ],
              "vpc_id": "string"
            }
          ],
          "subnet_2": [
            "object",
            {
              "arn": "string",
              "assign_ipv6_address_on_creation": "bool",
              "availability_zone": "string",
              "availability_zone_id": "string",
              "cidr_block": "string",
              "customer_owned_ipv4_pool": "string",
              "id": "string",
              "ipv6_cidr_block": "string",
              "ipv6_cidr_block_association_id": "string",
              "map_customer_owned_ip_on_launch": "bool",
              "map_public_ip_on_launch": "bool",
              "outpost_arn": "string",
              "owner_id": "string",
              "tags": [
                "map",
                "string"
              ],
              "tags_all": [
                "map",
                "string"
              ],
              "timeouts": [
                "object",
                {
                  "create": "string",
                  "delete": "string"
                }
              ],
              "vpc_id": "string"
            }
          ],
          "vpc": [
            "object",
            {
              "arn": "string",
              "assign_generated_ipv6_cidr_block": "bool",
              "cidr_block": "string",
              "default_network_acl_id": "string",
              "default_route_table_id": "string",
              "default_security_group_id": "string",
              "dhcp_options_id": "string",
              "enable_classiclink": "bool",
              "enable_classiclink_dns_support": "bool",
              "enable_dns_hostnames": "bool",
              "enable_dns_support": "bool",
              "id": "string",
              "instance_tenancy": "string",
              "ipv6_association_id": "string",
              "ipv6_cidr_block": "string",
              "main_route_table_id": "string",
              "owner_id": "string",
              "tags": [
                "map",
                "string"
              ],
              "tags_all": [
                "map",
                "string"
              ]
            }
          ]
        }
      ]
    }
  },
  "resources": [
    {
      "module": "module.vpc",
      "mode": "managed",
      "type": "aws_subnet",
      "name": "subnet_1",
      "provider": "provider.aws",
      "instances": [
        {
          "schema_version": 1,
          "attributes": {
            "arn": "arn:aws:ec2:eu-west-2:282637107404:subnet/subnet-0666b15479420e9a7",
            "assign_ipv6_address_on_creation": false,
            "availability_zone": "eu-west-2c",
            "availability_zone_id": "euw2-az1",
            "cidr_block": "10.0.0.0/24",
            "customer_owned_ipv4_pool": "",
            "id": "subnet-0666b15479420e9a7",
            "ipv6_cidr_block": "",
            "ipv6_cidr_block_association_id": "",
            "map_customer_owned_ip_on_launch": false,
            "map_public_ip_on_launch": false,
            "outpost_arn": "",
            "owner_id": "282637107404",
            "tags": {},
            "tags_all": {},
            "timeouts": null,
            "vpc_id": "vpc-06b62b6dfe1137d65"
          },
          "private": "eyJlMmJmYjczMC1lY2FhLTExZTYtOGY4OC0zNDM2M2JjN2M0YzAiOnsiY3JlYXRlIjo2MDAwMDAwMDAwMDAsImRlbGV0ZSI6MTIwMDAwMDAwMDAwMH0sInNjaGVtYV92ZXJzaW9uIjoiMSJ9",
          "dependencies": [
            "module.vpc.aws_vpc.vpc"
          ]
        }
      ]
    },
    {
      "module": "module.vpc",
      "mode": "managed",
      "type": "aws_subnet",
      "name": "subnet_2",
      "provider": "provider.aws",
      "instances": [
        {
          "schema_version": 1,
          "attributes": {
            "arn": "arn:aws:ec2:eu-west-2:282637107404:subnet/subnet-050955aa338bc9b86",
            "assign_ipv6_address_on_creation": false,
            "availability_zone": "eu-west-2a",
            "availability_zone_id": "euw2-az2",
            "cidr_block": "10.0.1.0/24",
            "customer_owned_ipv4_pool": "",
            "id": "subnet-050955aa338bc9b86",
            "ipv6_cidr_block": "",
            "ipv6_cidr_block_association_id": "",
            "map_customer_owned_ip_on_launch": false,
            "map_public_ip_on_launch": false,
            "outpost_arn": "",
            "owner_id": "282637107404",
            "tags": {},
            "tags_all": {},
            "timeouts": null,
            "vpc_id": "vpc-06b62b6dfe1137d65"
          },
          "private": "eyJlMmJmYjczMC1lY2FhLTExZTYtOGY4OC0zNDM2M2JjN2M0YzAiOnsiY3JlYXRlIjo2MDAwMDAwMDAwMDAsImRlbGV0ZSI6MTIwMDAwMDAwMDAwMH0sInNjaGVtYV92ZXJzaW9uIjoiMSJ9",
          "dependencies": [
            "module.vpc.aws_vpc.vpc"
          ]
        }
      ]
    },
    {
      "module": "module.vpc",
      "mode": "managed",
      "type": "aws_vpc",
      "name": "vpc",
      "provider": "provider.aws",
      "instances": [
        {
          "schema_version": 1,
          "attributes": {
            "arn": "arn:aws:ec2:eu-west-2:282637107404:vpc/vpc-06b62b6dfe1137d65",
            "assign_generated_ipv6_cidr_block": false,
            "cidr_block": "10.0.0.0/16",
            "default_network_acl_id": "acl-08025e02acd0a69a6",
            "default_route_table_id": "rtb-008f04d15ab7bcc29",
            "default_security_group_id": "sg-0cf9c9a9541aaba60",
            "dhcp_options_id": "dopt-ac3c56c4",
            "enable_classiclink": null,
            "enable_classiclink_dns_support": null,
            "enable_dns_hostnames": false,
            "enable_dns_support": true,
            "id": "vpc-06b62b6dfe1137d65",
            "instance_tenancy": "default",
            "ipv6_association_id": "",
            "ipv6_cidr_block": "",
            "main_route_table_id": "rtb-008f04d15ab7bcc29",
            "owner_id": "282637107404",
            "tags": {},
            "tags_all": {}
          },
          "private": "eyJzY2hlbWFfdmVyc2lvbiI6IjEifQ=="
        }
      ]
    }
  ]
}
